{
  "name": "07_Slider",
  "version": "1.0.0",
  "lockfileVersion": 1,
  "requires": true,
  "dependencies": {
    "lightbox2": {
      "version": "2.10.0",
      "resolved": "https://registry.npmjs.org/lightbox2/-/lightbox2-2.10.0.tgz",
      "integrity": "sha1-BrP3t718EzLCDQN2AtlldUL9feQ="
    }
  }
}
